
Microsoft Visual Studio Solution File, Format Version 12.00
# Visual Studio Version 17
VisualStudioVersion = 17.7.34031.279
MinimumVisualStudioVersion = 10.0.40219.1
Project("{9A19103F-16F7-4668-BE54-9A1E7A4F7556}") = "Exceptions", "Exceptions\Exceptions.csproj", "{F9A0BE61-F834-4EFF-88FA-808BD0FB1FB1}"
EndProject
Project("{9A19103F-16F7-4668-BE54-9A1E7A4F7556}") = "ChatBot", "ChatBot\ChatBot.csproj", "{2E6FAF15-62D3-4D2F-8526-8D17279554EC}"
EndProject
Global
	GlobalSection(SolutionConfigurationPlatforms) = preSolution
		Debug|Any CPU = Debug|Any CPU
		Release|Any CPU = Release|Any CPU
	EndGlobalSection
	GlobalSection(ProjectConfigurationPlatforms) = postSolution
		{F9A0BE61-F834-4EFF-88FA-808BD0FB1FB1}.Debug|Any CPU.ActiveCfg = Debug|Any CPU
		{F9A0BE61-F834-4EFF-88FA-808BD0FB1FB1}.Debug|Any CPU.Build.0 = Debug|Any CPU
		{F9A0BE61-F834-4EFF-88FA-808BD0FB1FB1}.Release|Any CPU.ActiveCfg = Release|Any CPU
		{F9A0BE61-F834-4EFF-88FA-808BD0FB1FB1}.Release|Any CPU.Build.0 = Release|Any CPU
		{2E6FAF15-62D3-4D2F-8526-8D17279554EC}.Debug|Any CPU.ActiveCfg = Debug|Any CPU
		{2E6FAF15-62D3-4D2F-8526-8D17279554EC}.Debug|Any CPU.Build.0 = Debug|Any CPU
		{2E6FAF15-62D3-4D2F-8526-8D17279554EC}.Release|Any CPU.ActiveCfg = Release|Any CPU
		{2E6FAF15-62D3-4D2F-8526-8D17279554EC}.Release|Any CPU.Build.0 = Release|Any CPU
	EndGlobalSection
	GlobalSection(SolutionProperties) = preSolution
		HideSolutionNode = FALSE
	EndGlobalSection
	GlobalSection(ExtensibilityGlobals) = postSolution
		SolutionGuid = {7C8EFB26-63D6-4999-961A-4BD712373DC4}
	EndGlobalSection
EndGlobal
